// !$*UTF8*$!
{
	archiveVersion = 1;
	classes = {
	};
	objectVersion = 48;
	objects = {

/* Begin PBXBuildFile section */
		95B955F81FFDF381005EE87C /* AppDelegate.swift in Sources */ = {isa = PBXBuildFile; fileRef = 95B955F71FFDF381005EE87C /* AppDelegate.swift */; };
		95B955FA1FFDF381005EE87C /* ViewController.swift in Sources */ = {isa = PBXBuildFile; fileRef = 95B955F91FFDF381005EE87C /* ViewController.swift */; };
		95B955FD1FFDF381005EE87C /* Main.storyboard in Resources */ = {isa = PBXBuildFile; fileRef = 95B955FB1FFDF381005EE87C /* Main.storyboard */; };
		95B955FF1FFDF381005EE87C /* Assets.xcassets in Resources */ = {isa = PBXBuildFile; fileRef = 95B955FE1FFDF381005EE87C /* Assets.xcassets */; };
		95B956021FFDF381005EE87C /* LaunchScreen.storyboard in Resources */ = {isa = PBXBuildFile; fileRef = 95B956001FFDF381005EE87C /* LaunchScreen.storyboard */; };
		95B9560D1FFDF381005EE87C /* CircleCIPracticeTests.swift in Sources */ = {isa = PBXBuildFile; fileRef = 95B9560C1FFDF381005EE87C /* CircleCIPracticeTests.swift */; };
/* End PBXBuildFile section */

/* Begin PBXContainerItemProxy section */
		95B956091FFDF381005EE87C /* PBXContainerItemProxy */ = {
			isa = PBXContainerItemProxy;
			containerPortal = 95B955EC1FFDF381005EE87C /* Project object */;
			proxyType = 1;
			remoteGlobalIDString = 95B955F31FFDF381005EE87C;
			remoteInfo = CircleCIPractice;
		};
/* End PBXContainerItemProxy section */

/* Begin PBXFileReference section */
		95B955F41FFDF381005EE87C /* CircleCIPractice.app */ = {isa = PBXFileReference; explicitFileType = wrapper.application; includeInIndex = 0; path = CircleCIPractice.app; sourceTree = BUILT_PRODUCTS_DIR; };
		95B955F71FFDF381005EE87C /* AppDelegate.swift */ = {isa = PBXFileReference; lastKnownFileType = sourcecode.swift; path = AppDelegate.swift; sourceTree = "<group>"; };
		95B955F91FFDF381005EE87C /* ViewController.swift */ = {isa = PBXFileReference; lastKnownFileType = sourcecode.swift; path = ViewController.swift; sourceTree = "<group>"; };
		95B955FC1FFDF381005EE87C /* Base */ = {isa = PBXFileReference; lastKnownFileType = file.storyboard; name = Base; path = Base.lproj/Main.storyboard; sourceTree = "<group>"; };
		95B955FE1FFDF381005EE87C /* Assets.xcassets */ = {isa = PBXFileReference; lastKnownFileType = folder.assetcatalog; path = Assets.xcassets; sourceTree = "<group>"; };
		95B956011FFDF381005EE87C /* Base */ = {isa = PBXFileReference; lastKnownFileType = file.storyboard; name = Base; path = Base.lproj/LaunchScreen.storyboard; sourceTree = "<group>"; };
		95B956031FFDF381005EE87C /* Info.plist */ = {isa = PBXFileReference; lastKnownFileType = text.plist.xml; path = Info.plist; sourceTree = "<group>"; };
		95B956081FFDF381005EE87C /* CircleCIPracticeTests.xctest */ = {isa = PBXFileReference; explicitFileType = wrapper.cfbundle; includeInIndex = 0; path = CircleCIPracticeTests.xctest; sourceTree = BUILT_PRODUCTS_DIR; };
		95B9560C1FFDF381005EE87C /* CircleCIPracticeTests.swift */ = {isa = PBXFileReference; lastKnownFileType = sourcecode.swift; path = CircleCIPracticeTests.swift; sourceTree = "<group>"; };
		95B9560E1FFDF381005EE87C /* Info.plist */ = {isa = PBXFileReference; lastKnownFileType = text.plist.xml; path = Info.plist; sourceTree = "<group>"; };
/* End PBXFileReference section */

/* Begin PBXFrameworksBuildPhase section */
		95B955F11FFDF381005EE87C /* Frameworks */ = {
			isa = PBXFrameworksBuildPhase;
			buildActionMask = 2147483647;
			files = (
			);
			runOnlyForDeploymentPostprocessing = 0;
		};
		95B956051FFDF381005EE87C /* Frameworks */ = {
			isa = PBXFrameworksBuildPhase;
			buildActionMask = 2147483647;
			files = (
			);
			runOnlyForDeploymentPostprocessing = 0;
		};
/* End PBXFrameworksBuildPhase section */

/* Begin PBXGroup section */
		95B955EB1FFDF381005EE87C = {
			isa = PBXGroup;
			children = (
				95B955F61FFDF381005EE87C /* CircleCIPractice */,
				95B9560B1FFDF381005EE87C /* CircleCIPracticeTests */,
				95B955F51FFDF381005EE87C /* Products */,
			);
			sourceTree = "<group>";
		};
		95B955F51FFDF381005EE87C /* Products */ = {
			isa = PBXGroup;
			children = (
				95B955F41FFDF381005EE87C /* CircleCIPractice.app */,
				95B956081FFDF381005EE87C /* CircleCIPracticeTests.xctest */,
			);
			name = Products;
			sourceTree = "<group>";
		};
		95B955F61FFDF381005EE87C /* CircleCIPractice */ = {
			isa = PBXGroup;
			children = (
				95B955F71FFDF381005EE87C /* AppDelegate.swift */,
				95B955F91FFDF381005EE87C /* ViewController.swift */,
				95B955FB1FFDF381005EE87C /* Main.storyboard */,
				95B955FE1FFDF381005EE87C /* Assets.xcassets */,
				95B956001FFDF381005EE87C /* LaunchScreen.storyboard */,
				95B956031FFDF381005EE87C /* Info.plist */,
			);
			path = CircleCIPractice;
			sourceTree = "<group>";
		};
		95B9560B1FFDF381005EE87C /* CircleCIPracticeTests */ = {
			isa = PBXGroup;
			children = (
				95B9560C1FFDF381005EE87C /* CircleCIPracticeTests.swift */,
				95B9560E1FFDF381005EE87C /* Info.plist */,
			);
			path = CircleCIPracticeTests;
			sourceTree = "<group>";
		};
/* End PBXGroup section */

/* Begin PBXNativeTarget section */
		95B955F31FFDF381005EE87C /* CircleCIPractice */ = {
			isa = PBXNativeTarget;
			buildConfigurationList = 95B956111FFDF381005EE87C /* Build configuration list for PBXNativeTarget "CircleCIPractice" */;
			buildPhases = (
				95B955F01FFDF381005EE87C /* Sources */,
				95B955F11FFDF381005EE87C /* Frameworks */,
				95B955F21FFDF381005EE87C /* Resources */,
			);
			buildRules = (
			);
			dependencies = (
			);
			name = CircleCIPractice;
			productName = CircleCIPractice;
			productReference = 95B955F41FFDF381005EE87C /* CircleCIPractice.app */;
			productType = "com.apple.product-type.application";
		};
		95B956071FFDF381005EE87C /* CircleCIPracticeTests */ = {
			isa = PBXNativeTarget;
			buildConfigurationList = 95B956141FFDF381005EE87C /* Build configuration list for PBXNativeTarget "CircleCIPracticeTests" */;
			buildPhases = (
				95B956041FFDF381005EE87C /* Sources */,
				95B956051FFDF381005EE87C /* Frameworks */,
				95B956061FFDF381005EE87C /* Resources */,
			);
			buildRules = (
			);
			dependencies = (
				95B9560A1FFDF381005EE87C /* PBXTargetDependency */,
			);
			name = CircleCIPracticeTests;
			productName = CircleCIPracticeTests;
			productReference = 95B956081FFDF381005EE87C /* CircleCIPracticeTests.xctest */;
			productType = "com.apple.product-type.bundle.unit-test";
		};
/* End PBXNativeTarget section */

/* Begin PBXProject section */
		95B955EC1FFDF381005EE87C /* Project object */ = {
			isa = PBXProject;
			attributes = {
				LastSwiftUpdateCheck = 0920;
				LastUpgradeCheck = 0920;
				ORGANIZATIONNAME = tanaka.kenji;
				TargetAttributes = {
					95B955F31FFDF381005EE87C = {
						CreatedOnToolsVersion = 9.2;
						ProvisioningStyle = Automatic;
					};
					95B956071FFDF381005EE87C = {
						CreatedOnToolsVersion = 9.2;
						ProvisioningStyle = Automatic;
						TestTargetID = 95B955F31FFDF381005EE87C;
					};
				};
			};
			buildConfigurationList = 95B955EF1FFDF381005EE87C /* Build configuration list for PBXProject "CircleCIPractice" */;
			compatibilityVersion = "Xcode 8.0";
			developmentRegion = en;
			hasScannedForEncodings = 0;
			knownRegions = (
				en,
				Base,
			);
			mainGroup = 95B955EB1FFDF381005EE87C;
			productRefGroup = 95B955F51FFDF381005EE87C /* Products */;
			projectDirPath = "";
			projectRoot = "";
			targets = (
				95B955F31FFDF381005EE87C /* CircleCIPractice */,
				95B956071FFDF381005EE87C /* CircleCIPracticeTests */,
			);
		};
/* End PBXProject section */

/* Begin PBXResourcesBuildPhase section */
		95B955F21FFDF381005EE87C /* Resources */ = {
			isa = PBXResourcesBuildPhase;
			buildActionMask = 2147483647;
			files = (
				95B956021FFDF381005EE87C /* LaunchScreen.storyboard in Resources */,
				95B955FF1FFDF381005EE87C /* Assets.xcassets in Resources */,
				95B955FD1FFDF381005EE87C /* Main.storyboard in Resources */,
			);
			runOnlyForDeploymentPostprocessing = 0;
		};
		95B956061FFDF381005EE87C /* Resources */ = {
			isa = PBXResourcesBuildPhase;
			buildActionMask = 2147483647;
			files = (
			);
			runOnlyForDeploymentPostprocessing = 0;
		};
/* End PBXResourcesBuildPhase section */

/* Begin PBXSourcesBuildPhase section */
		95B955F01FFDF381005EE87C /* Sources */ = {
			isa = PBXSourcesBuildPhase;
			buildActionMask = 2147483647;
			files = (
				95B955FA1FFDF381005EE87C /* ViewController.swift in Sources */,
				95B955F81FFDF381005EE87C /* AppDelegate.swift in Sources */,
			);
			runOnlyForDeploymentPostprocessing = 0;
		};
		95B956041FFDF381005EE87C /* Sources */ = {
			isa = PBXSourcesBuildPhase;
			buildActionMask = 2147483647;
			files = (
				95B9560D1FFDF381005EE87C /* CircleCIPracticeTests.swift in Sources */,
			);
			runOnlyForDeploymentPostprocessing = 0;
		};
/* End PBXSourcesBuildPhase section */

/* Begin PBXTargetDependency section */
		95B9560A1FFDF381005EE87C /* PBXTargetDependency */ = {
			isa = PBXTargetDependency;
			target = 95B955F31FFDF381005EE87C /* CircleCIPractice */;
			targetProxy = 95B956091FFDF381005EE87C /* PBXContainerItemProxy */;
		};
/* End PBXTargetDependency section */

/* Begin PBXVariantGroup section */
		95B955FB1FFDF381005EE87C /* Main.storyboard */ = {
			isa = PBXVariantGroup;
			children = (
				95B955FC1FFDF381005EE87C /* Base */,
			);
			name = Main.storyboard;
			sourceTree = "<group>";
		};
		95B956001FFDF381005EE87C /* LaunchScreen.storyboard */ = {
			isa = PBXVariantGroup;
			children = (
				95B956011FFDF381005EE87C /* Base */,
			);
			name = LaunchScreen.storyboard;
			sourceTree = "<group>";
		};
/* End PBXVariantGroup section */

/* Begin XCBuildConfiguration section */
		95B9560F1FFDF381005EE87C /* Debug */ = {
			isa = XCBuildConfiguration;
			buildSettings = {
				ALWAYS_SEARCH_USER_PATHS = NO;
				CLANG_ANALYZER_NONNULL = YES;
				CLANG_ANALYZER_NUMBER_OBJECT_CONVERSION = YES_AGGRESSIVE;
				CLANG_CXX_LANGUAGE_STANDARD = "gnu++14";
				CLANG_CXX_LIBRARY = "libc++";
				CLANG_ENABLE_MODULES = YES;
				CLANG_ENABLE_OBJC_ARC = YES;
				CLANG_WARN_BLOCK_CAPTURE_AUTORELEASING = YES;
				CLANG_WARN_BOOL_CONVERSION = YES;
				CLANG_WARN_COMMA = YES;
				CLANG_WARN_CONSTANT_CONVERSION = YES;
				CLANG_WARN_DIRECT_OBJC_ISA_USAGE = YES_ERROR;
				CLANG_WARN_DOCUMENTATION_COMMENTS = YES;
				CLANG_WARN_EMPTY_BODY = YES;
				CLANG_WARN_ENUM_CONVERSION = YES;
				CLANG_WARN_INFINITE_RECURSION = YES;
				CLANG_WARN_INT_CONVERSION = YES;
				CLANG_WARN_NON_LITERAL_NULL_CONVERSION = YES;
				CLANG_WARN_OBJC_LITERAL_CONVERSION = YES;
				CLANG_WARN_OBJC_ROOT_CLASS = YES_ERROR;
				CLANG_WARN_RANGE_LOOP_ANALYSIS = YES;
				CLANG_WARN_STRICT_PROTOTYPES = YES;
				CLANG_WARN_SUSPICIOUS_MOVE = YES;
				CLANG_WARN_UNGUARDED_AVAILABILITY = YES_AGGRESSIVE;
				CLANG_WARN_UNREACHABLE_CODE = YES;
				CLANG_WARN__DUPLICATE_METHOD_MATCH = YES;
				CODE_SIGN_IDENTITY = "iPhone Developer";
				COPY_PHASE_STRIP = NO;
				DEBUG_INFORMATION_FORMAT = dwarf;
				ENABLE_STRICT_OBJC_MSGSEND = YES;
				ENABLE_TESTABILITY = YES;
				GCC_C_LANGUAGE_STANDARD = gnu11;
				GCC_DYNAMIC_NO_PIC = NO;
				GCC_NO_COMMON_BLOCKS = YES;
				GCC_OPTIMIZATION_LEVEL = 0;
				GCC_PREPROCESSOR_DEFINITIONS = (
					"DEBUG=1",
					"$(inherited)",
				);
				GCC_WARN_64_TO_32_BIT_CONVERSION = YES;
				GCC_WARN_ABOUT_RETURN_TYPE = YES_ERROR;
				GCC_WARN_UNDECLARED_SELECTOR = YES;
				GCC_WARN_UNINITIALIZED_AUTOS = YES_AGGRESSIVE;
				GCC_WARN_UNUSED_FUNCTION = YES;
				GCC_WARN_UNUSED_VARIABLE = YES;
				IPHONEOS_DEPLOYMENT_TARGET = 11.2;
				MTL_ENABLE_DEBUG_INFO = YES;
				ONLY_ACTIVE_ARCH = YES;
				SDKROOT = iphoneos;
				SWIFT_ACTIVE_COMPILATION_CONDITIONS = DEBUG;
				SWIFT_OPTIMIZATION_LEVEL = "-Onone";
			};
			name = Debug;
		};
		95B956101FFDF381005EE87C /* Release */ = {
			isa = XCBuildConfiguration;
			buildSettings = {
				ALWAYS_SEARCH_USER_PATHS = NO;
				CLANG_ANALYZER_NONNULL = YES;
				CLANG_ANALYZER_NUMBER_OBJECT_CONVERSION = YES_AGGRESSIVE;
				CLANG_CXX_LANGUAGE_STANDARD = "gnu++14";
				CLANG_CXX_LIBRARY = "libc++";
				CLANG_ENABLE_MODULES = YES;
				CLANG_ENABLE_OBJC_ARC = YES;
				CLANG_WARN_BLOCK_CAPTURE_AUTORELEASING = YES;
				CLANG_WARN_BOOL_CONVERSION = YES;
				CLANG_WARN_COMMA = YES;
				CLANG_WARN_CONSTANT_CONVERSION = YES;
				CLANG_WARN_DIRECT_OBJC_ISA_USAGE = YES_ERROR;
				CLANG_WARN_DOCUMENTATION_COMMENTS = YES;
				CLANG_WARN_EMPTY_BODY = YES;
				CLANG_WARN_ENUM_CONVERSION = YES;
				CLANG_WARN_INFINITE_RECURSION = YES;
				CLANG_WARN_INT_CONVERSION = YES;
				CLANG_WARN_NON_LITERAL_NULL_CONVERSION = YES;
				CLANG_WARN_OBJC_LITERAL_CONVERSION = YES;
				CLANG_WARN_OBJC_ROOT_CLASS = YES_ERROR;
				CLANG_WARN_RANGE_LOOP_ANALYSIS = YES;
				CLANG_WARN_STRICT_PROTOTYPES = YES;
				CLANG_WARN_SUSPICIOUS_MOVE = YES;
				CLANG_WARN_UNGUARDED_AVAILABILITY = YES_AGGRESSIVE;
				CLANG_WARN_UNREACHABLE_CODE = YES;
				CLANG_WARN__DUPLICATE_METHOD_MATCH = YES;
				CODE_SIGN_IDENTITY = "iPhone Developer";
				COPY_PHASE_STRIP = NO;
				DEBUG_INFORMATION_FORMAT = "dwarf-with-dsym";
				ENABLE_NS_ASSERTIONS = NO;
				ENABLE_STRICT_OBJC_MSGSEND = YES;
				GCC_C_LANGUAGE_STANDARD = gnu11;
				GCC_NO_COMMON_BLOCKS = YES;
				GCC_WARN_64_TO_32_BIT_CONVERSION = YES;
				GCC_WARN_ABOUT_RETURN_TYPE = YES_ERROR;
				GCC_WARN_UNDECLARED_SELECTOR = YES;
				GCC_WARN_UNINITIALIZED_AUTOS = YES_AGGRESSIVE;
				GCC_WARN_UNUSED_FUNCTION = YES;
				GCC_WARN_UNUSED_VARIABLE = YES;
				IPHONEOS_DEPLOYMENT_TARGET = 11.2;
				MTL_ENABLE_DEBUG_INFO = NO;
				SDKROOT = iphoneos;
				SWIFT_OPTIMIZATION_LEVEL = "-Owholemodule";
				VALIDATE_PRODUCT = YES;
			};
			name = Release;
		};
		95B956121FFDF381005EE87C /* Debug */ = {
			isa = XCBuildConfiguration;
			buildSettings = {
				ASSETCATALOG_COMPILER_APPICON_NAME = AppIcon;
				CODE_SIGN_STYLE = Automatic;
				DEVELOPMENT_TEAM = 3ASJECAERZ;
				INFOPLIST_FILE = CircleCIPractice/Info.plist;
				LD_RUNPATH_SEARCH_PATHS = "$(inherited) @executable_path/Frameworks";
				PRODUCT_BUNDLE_IDENTIFIER = com.ktanaka.CircleCIPractice;
				PRODUCT_NAME = "$(TARGET_NAME)";
				SWIFT_VERSION = 4.0;
				TARGETED_DEVICE_FAMILY = "1,2";
			};
			name = Debug;
		};
		95B956131FFDF381005EE87C /* Release */ = {
			isa = XCBuildConfiguration;
			buildSettings = {
				ASSETCATALOG_COMPILER_APPICON_NAME = AppIcon;
				CODE_SIGN_STYLE = Automatic;
				DEVELOPMENT_TEAM = 3ASJECAERZ;
				INFOPLIST_FILE = CircleCIPractice/Info.plist;
				LD_RUNPATH_SEARCH_PATHS = "$(inherited) @executable_path/Frameworks";
				PRODUCT_BUNDLE_IDENTIFIER = com.ktanaka.CircleCIPractice;
				PRODUCT_NAME = "$(TARGET_NAME)";
				SWIFT_VERSION = 4.0;
				TARGETED_DEVICE_FAMILY = "1,2";
			};
			name = Release;
		};
		95B956151FFDF381005EE87C /* Debug */ = {
			isa = XCBuildConfiguration;
			buildSettings = {
				ALWAYS_EMBED_SWIFT_STANDARD_LIBRARIES = YES;
				BUNDLE_LOADER = "$(TEST_HOST)";
				CODE_SIGN_STYLE = Automatic;
				DEVELOPMENT_TEAM = 3ASJECAERZ;
				INFOPLIST_FILE = CircleCIPracticeTests/Info.plist;
				LD_RUNPATH_SEARCH_PATHS = "$(inherited) @executable_path/Frameworks @loader_path/Frameworks";
				PRODUCT_BUNDLE_IDENTIFIER = com.ktanaka.CircleCIPracticeTests;
				PRODUCT_NAME = "$(TARGET_NAME)";
				SWIFT_VERSION = 4.0;
				TARGETED_DEVICE_FAMILY = "1,2";
				TEST_HOST = "$(BUILT_PRODUCTS_DIR)/CircleCIPractice.app/CircleCIPractice";
			};
			name = Debug;
		};
		95B956161FFDF381005EE87C /* Release */ = {
			isa = XCBuildConfiguration;
			buildSettings = {
				ALWAYS_EMBED_SWIFT_STANDARD_LIBRARIES = YES;
				BUNDLE_LOADER = "$(TEST_HOST)";
				CODE_SIGN_STYLE = Automatic;
				DEVELOPMENT_TEAM = 3ASJECAERZ;
				INFOPLIST_FILE = CircleCIPracticeTests/Info.plist;
				LD_RUNPATH_SEARCH_PATHS = "$(inherited) @executable_path/Frameworks @loader_path/Frameworks";
				PRODUCT_BUNDLE_IDENTIFIER = com.ktanaka.CircleCIPracticeTests;
				PRODUCT_NAME = "$(TARGET_NAME)";
				SWIFT_VERSION = 4.0;
				TARGETED_DEVICE_FAMILY = "1,2";
				TEST_HOST = "$(BUILT_PRODUCTS_DIR)/CircleCIPractice.app/CircleCIPractice";
			};
			name = Release;
		};
/* End XCBuildConfiguration section */

/* Begin XCConfigurationList section */
		95B955EF1FFDF381005EE87C /* Build configuration list for PBXProject "CircleCIPractice" */ = {
			isa = XCConfigurationList;
			buildConfigurations = (
				95B9560F1FFDF381005EE87C /* Debug */,
				95B956101FFDF381005EE87C /* Release */,
			);
			defaultConfigurationIsVisible = 0;
			defaultConfigurationName = Release;
		};
		95B956111FFDF381005EE87C /* Build configuration list for PBXNativeTarget "CircleCIPractice" */ = {
			isa = XCConfigurationList;
			buildConfigurations = (
				95B956121FFDF381005EE87C /* Debug */,
				95B956131FFDF381005EE87C /* Release */,
			);
			defaultConfigurationIsVisible = 0;
			defaultConfigurationName = Release;
		};
		95B956141FFDF381005EE87C /* Build configuration list for PBXNativeTarget "CircleCIPracticeTests" */ = {
			isa = XCConfigurationList;
			buildConfigurations = (
				95B956151FFDF381005EE87C /* Debug */,
				95B956161FFDF381005EE87C /* Release */,
			);
			defaultConfigurationIsVisible = 0;
			defaultConfigurationName = Release;
		};
/* End XCConfigurationList section */
	};
	rootObject = 95B955EC1FFDF381005EE87C /* Project object */;
}
